// !$*UTF8*$!
{
	archiveVersion = 1;
	classes = {
	};
	objectVersion = 56;
	objects = {

/* Begin PBXBuildFile section */
		1C09160C2A66B83D006FC3B4 /* HomeVC.swift in Sources */ = {isa = PBXBuildFile; fileRef = 1C09160B2A66B83D006FC3B4 /* HomeVC.swift */; };
		1C09160E2A66B9A0006FC3B4 /* PaymentsVC.swift in Sources */ = {isa = PBXBuildFile; fileRef = 1C09160D2A66B9A0006FC3B4 /* PaymentsVC.swift */; };
		1C0916102A66BA34006FC3B4 /* HistoryVC.swift in Sources */ = {isa = PBXBuildFile; fileRef = 1C09160F2A66BA34006FC3B4 /* HistoryVC.swift */; };
		1C0916122A66BA48006FC3B4 /* ExitVC.swift in Sources */ = {isa = PBXBuildFile; fileRef = 1C0916112A66BA48006FC3B4 /* ExitVC.swift */; };
		1C0916142A66BA63006FC3B4 /* AnalyticsVC.swift in Sources */ = {isa = PBXBuildFile; fileRef = 1C0916132A66BA63006FC3B4 /* AnalyticsVC.swift */; };
		1C0916162A66BB73006FC3B4 /* DashboardTabBarVC.swift in Sources */ = {isa = PBXBuildFile; fileRef = 1C0916152A66BB73006FC3B4 /* DashboardTabBarVC.swift */; };
		1C0916182A66BC4D006FC3B4 /* UINavigationController.swift in Sources */ = {isa = PBXBuildFile; fileRef = 1C0916172A66BC4D006FC3B4 /* UINavigationController.swift */; };
		1C26F9672A69347B00634EBF /* HomeViewModel.swift in Sources */ = {isa = PBXBuildFile; fileRef = 1C26F9662A69347B00634EBF /* HomeViewModel.swift */; };
		1C2928792A6807080081E587 /* CardCollectionViewCell.swift in Sources */ = {isa = PBXBuildFile; fileRef = 1C2928782A6807080081E587 /* CardCollectionViewCell.swift */; };
		1C29287D2A68257E0081E587 /* SFProDisplay-Semibold.ttf in Resources */ = {isa = PBXBuildFile; fileRef = 1C29287C2A68257E0081E587 /* SFProDisplay-Semibold.ttf */; };
		1C29287F2A6826660081E587 /* TransactionCollectionViewCell.swift in Sources */ = {isa = PBXBuildFile; fileRef = 1C29287E2A6826660081E587 /* TransactionCollectionViewCell.swift */; };
		1C2E0BD42A601D2E00CBC784 /* AppDelegate.swift in Sources */ = {isa = PBXBuildFile; fileRef = 1C2E0BD32A601D2E00CBC784 /* AppDelegate.swift */; };
		1C2E0BD62A601D2E00CBC784 /* SceneDelegate.swift in Sources */ = {isa = PBXBuildFile; fileRef = 1C2E0BD52A601D2E00CBC784 /* SceneDelegate.swift */; };
		1C2E0BD82A601D2E00CBC784 /* OnboardingVC.swift in Sources */ = {isa = PBXBuildFile; fileRef = 1C2E0BD72A601D2E00CBC784 /* OnboardingVC.swift */; };
		1C2E0BDB2A601D2E00CBC784 /* Main.storyboard in Resources */ = {isa = PBXBuildFile; fileRef = 1C2E0BD92A601D2E00CBC784 /* Main.storyboard */; };
		1C2E0BDD2A601D2F00CBC784 /* Assets.xcassets in Resources */ = {isa = PBXBuildFile; fileRef = 1C2E0BDC2A601D2F00CBC784 /* Assets.xcassets */; };
		1C2E0BE02A601D2F00CBC784 /* LaunchScreen.storyboard in Resources */ = {isa = PBXBuildFile; fileRef = 1C2E0BDE2A601D2F00CBC784 /* LaunchScreen.storyboard */; };
		1C2E0BEA2A60297100CBC784 /* OnboardingViewModel.swift in Sources */ = {isa = PBXBuildFile; fileRef = 1C2E0BE92A60297100CBC784 /* OnboardingViewModel.swift */; };
		1C2E0BF52A602D1200CBC784 /* hubballi.ttf in Resources */ = {isa = PBXBuildFile; fileRef = 1C2E0BED2A602D1200CBC784 /* hubballi.ttf */; };
		1C2E0BF62A602D1200CBC784 /* Nunito-ExtraLightItalic.ttf in Resources */ = {isa = PBXBuildFile; fileRef = 1C2E0BEE2A602D1200CBC784 /* Nunito-ExtraLightItalic.ttf */; };
		1C2E0BF72A602D1200CBC784 /* Nunito-Regular.ttf in Resources */ = {isa = PBXBuildFile; fileRef = 1C2E0BEF2A602D1200CBC784 /* Nunito-Regular.ttf */; };
		1C2E0BF82A602D1200CBC784 /* sf_pro.ttf in Resources */ = {isa = PBXBuildFile; fileRef = 1C2E0BF02A602D1200CBC784 /* sf_pro.ttf */; };
		1C2E0BF92A602D1200CBC784 /* Nunito-SemiBold.ttf in Resources */ = {isa = PBXBuildFile; fileRef = 1C2E0BF12A602D1200CBC784 /* Nunito-SemiBold.ttf */; };
		1C2E0BFA2A602D1200CBC784 /* Nunito-Bold.ttf in Resources */ = {isa = PBXBuildFile; fileRef = 1C2E0BF22A602D1200CBC784 /* Nunito-Bold.ttf */; };
		1C2E0BFB2A602D1200CBC784 /* sf_pro_display.ttf in Resources */ = {isa = PBXBuildFile; fileRef = 1C2E0BF32A602D1200CBC784 /* sf_pro_display.ttf */; };
		1C2E0BFC2A602D1200CBC784 /* sf_pro_display_bold.ttf in Resources */ = {isa = PBXBuildFile; fileRef = 1C2E0BF42A602D1200CBC784 /* sf_pro_display_bold.ttf */; };
		1C2E0C032A604B6700CBC784 /* UIButton.swift in Sources */ = {isa = PBXBuildFile; fileRef = 1C2E0C022A604B6700CBC784 /* UIButton.swift */; };
		1C2E0C052A604BE200CBC784 /* UIColor.swift in Sources */ = {isa = PBXBuildFile; fileRef = 1C2E0C042A604BE200CBC784 /* UIColor.swift */; };
		1C2E0C072A604C4100CBC784 /* Fonts.swift in Sources */ = {isa = PBXBuildFile; fileRef = 1C2E0C062A604C4100CBC784 /* Fonts.swift */; };
		1C2E0C092A604D1100CBC784 /* UIView.swift in Sources */ = {isa = PBXBuildFile; fileRef = 1C2E0C082A604D1100CBC784 /* UIView.swift */; };
		1C2E0C0B2A604FC800CBC784 /* UIImage.swift in Sources */ = {isa = PBXBuildFile; fileRef = 1C2E0C0A2A604FC800CBC784 /* UIImage.swift */; };
		1C785CBC2A65549000A5A8DA /* UIViewController.swift in Sources */ = {isa = PBXBuildFile; fileRef = 1C785CBB2A65549000A5A8DA /* UIViewController.swift */; };
		1C785CBE2A65565200A5A8DA /* FirebaseEvents.swift in Sources */ = {isa = PBXBuildFile; fileRef = 1C785CBD2A65565200A5A8DA /* FirebaseEvents.swift */; };
		1C785CC02A65644900A5A8DA /* GoogleService-Info.plist in Resources */ = {isa = PBXBuildFile; fileRef = 1C785CBF2A65644900A5A8DA /* GoogleService-Info.plist */; };
		1CAF3F702A68272700635809 /* Transaction.swift in Sources */ = {isa = PBXBuildFile; fileRef = 1CAF3F6F2A68272700635809 /* Transaction.swift */; };
		1CAF3F722A682EAA00635809 /* Double.swift in Sources */ = {isa = PBXBuildFile; fileRef = 1CAF3F712A682EAA00635809 /* Double.swift */; };
		1CAF3F742A682F1A00635809 /* Colors.swift in Sources */ = {isa = PBXBuildFile; fileRef = 1CAF3F732A682F1A00635809 /* Colors.swift */; };
		1CEC24802A617FF800AB937A /* NetmeraHelper.swift in Sources */ = {isa = PBXBuildFile; fileRef = 1CEC247F2A617FF800AB937A /* NetmeraHelper.swift */; };
		1CEC24842A618B6300AB937A /* AppEventsProtocol.swift in Sources */ = {isa = PBXBuildFile; fileRef = 1CEC24832A618B6300AB937A /* AppEventsProtocol.swift */; };
		1CEC24872A618BB800AB937A /* Card.swift in Sources */ = {isa = PBXBuildFile; fileRef = 1CEC24862A618BB800AB937A /* Card.swift */; };
		1CEC24892A618BFB00AB937A /* ImpactFintechUser.swift in Sources */ = {isa = PBXBuildFile; fileRef = 1CEC24882A618BFB00AB937A /* ImpactFintechUser.swift */; };
		1CEC248C2A618D6000AB937A /* AddNotesEvent.swift in Sources */ = {isa = PBXBuildFile; fileRef = 1CEC248B2A618D6000AB937A /* AddNotesEvent.swift */; };
		1CEC248E2A618D6C00AB937A /* AppSettingsEvent.swift in Sources */ = {isa = PBXBuildFile; fileRef = 1CEC248D2A618D6C00AB937A /* AppSettingsEvent.swift */; };
		1CEC24902A618D7700AB937A /* CardSettingsEvent.swift in Sources */ = {isa = PBXBuildFile; fileRef = 1CEC248F2A618D7700AB937A /* CardSettingsEvent.swift */; };
		1CEC24922A618D8100AB937A /* ChangeAccountEvent.swift in Sources */ = {isa = PBXBuildFile; fileRef = 1CEC24912A618D8100AB937A /* ChangeAccountEvent.swift */; };
		1CEC24942A618D8B00AB937A /* ContactsEvent.swift in Sources */ = {isa = PBXBuildFile; fileRef = 1CEC24932A618D8B00AB937A /* ContactsEvent.swift */; };
		1CEC24962A618D9800AB937A /* ContactUsForSupportEvent.swift in Sources */ = {isa = PBXBuildFile; fileRef = 1CEC24952A618D9800AB937A /* ContactUsForSupportEvent.swift */; };
		1CEC24982A618DA000AB937A /* ForgotYourPinEvent.swift in Sources */ = {isa = PBXBuildFile; fileRef = 1CEC24972A618DA000AB937A /* ForgotYourPinEvent.swift */; };
		1CEC249A2A618DAA00AB937A /* FreezeCardEvent.swift in Sources */ = {isa = PBXBuildFile; fileRef = 1CEC24992A618DAA00AB937A /* FreezeCardEvent.swift */; };
		1CEC249C2A618DB200AB937A /* GetStartedEvent.swift in Sources */ = {isa = PBXBuildFile; fileRef = 1CEC249B2A618DB200AB937A /* GetStartedEvent.swift */; };
		1CEC249E2A618DBC00AB937A /* ManageAccountEvent.swift in Sources */ = {isa = PBXBuildFile; fileRef = 1CEC249D2A618DBC00AB937A /* ManageAccountEvent.swift */; };
		1CEC24A02A61944400AB937A /* NearbyEvent.swift in Sources */ = {isa = PBXBuildFile; fileRef = 1CEC249F2A61944400AB937A /* NearbyEvent.swift */; };
		1CEC24A22A61944D00AB937A /* PaymentDetailEvent.swift in Sources */ = {isa = PBXBuildFile; fileRef = 1CEC24A12A61944D00AB937A /* PaymentDetailEvent.swift */; };
		1CEC24A42A61945600AB937A /* PaymentTransferEvent.swift in Sources */ = {isa = PBXBuildFile; fileRef = 1CEC24A32A61945600AB937A /* PaymentTransferEvent.swift */; };
		1CEC24A62A61945D00AB937A /* PaySomeoneEvent.swift in Sources */ = {isa = PBXBuildFile; fileRef = 1CEC24A52A61945D00AB937A /* PaySomeoneEvent.swift */; };
		1CEC24A82A61946400AB937A /* PurchaseEvent.swift in Sources */ = {isa = PBXBuildFile; fileRef = 1CEC24A72A61946400AB937A /* PurchaseEvent.swift */; };
		1CEC24AA2A61946C00AB937A /* RequestMoneyEvent.swift in Sources */ = {isa = PBXBuildFile; fileRef = 1CEC24A92A61946B00AB937A /* RequestMoneyEvent.swift */; };
		1CEC24AC2A61947600AB937A /* SearchForPayeesEvent.swift in Sources */ = {isa = PBXBuildFile; fileRef = 1CEC24AB2A61947600AB937A /* SearchForPayeesEvent.swift */; };
		1CEC24AE2A61947D00AB937A /* SeeAllEvent.swift in Sources */ = {isa = PBXBuildFile; fileRef = 1CEC24AD2A61947D00AB937A /* SeeAllEvent.swift */; };
		1CEC24B02A61948500AB937A /* SignInEvent.swift in Sources */ = {isa = PBXBuildFile; fileRef = 1CEC24AF2A61948500AB937A /* SignInEvent.swift */; };
		1CEC24B22A61948D00AB937A /* SignOutEvent.swift in Sources */ = {isa = PBXBuildFile; fileRef = 1CEC24B12A61948D00AB937A /* SignOutEvent.swift */; };
		1CEC24B42A61949400AB937A /* SomethingWrongEvent.swift in Sources */ = {isa = PBXBuildFile; fileRef = 1CEC24B32A61949400AB937A /* SomethingWrongEvent.swift */; };
		1CEC24B62A61A24B00AB937A /* NetmeraEvents.swift in Sources */ = {isa = PBXBuildFile; fileRef = 1CEC24B52A61A24B00AB937A /* NetmeraEvents.swift */; };
		1CEC24B82A61A39300AB937A /* NMFintechUser.swift in Sources */ = {isa = PBXBuildFile; fileRef = 1CEC24B72A61A39300AB937A /* NMFintechUser.swift */; };
		98802372907F0EB9504218C3 /* Pods_NetmeraFintech.framework in Frameworks */ = {isa = PBXBuildFile; fileRef = 658ADBFE5A057845353E357F /* Pods_NetmeraFintech.framework */; };
/* End PBXBuildFile section */

/* Begin PBXFileReference section */
		15B4DC967A2ED513CC3DB742 /* Pods-NetmeraFintech.release.xcconfig */ = {isa = PBXFileReference; includeInIndex = 1; lastKnownFileType = text.xcconfig; name = "Pods-NetmeraFintech.release.xcconfig"; path = "Target Support Files/Pods-NetmeraFintech/Pods-NetmeraFintech.release.xcconfig"; sourceTree = "<group>"; };
		1C09160B2A66B83D006FC3B4 /* HomeVC.swift */ = {isa = PBXFileReference; lastKnownFileType = sourcecode.swift; path = HomeVC.swift; sourceTree = "<group>"; };
		1C09160D2A66B9A0006FC3B4 /* PaymentsVC.swift */ = {isa = PBXFileReference; lastKnownFileType = sourcecode.swift; path = PaymentsVC.swift; sourceTree = "<group>"; };
		1C09160F2A66BA34006FC3B4 /* HistoryVC.swift */ = {isa = PBXFileReference; lastKnownFileType = sourcecode.swift; path = HistoryVC.swift; sourceTree = "<group>"; };
		1C0916112A66BA48006FC3B4 /* ExitVC.swift */ = {isa = PBXFileReference; lastKnownFileType = sourcecode.swift; path = ExitVC.swift; sourceTree = "<group>"; };
		1C0916132A66BA63006FC3B4 /* AnalyticsVC.swift */ = {isa = PBXFileReference; lastKnownFileType = sourcecode.swift; path = AnalyticsVC.swift; sourceTree = "<group>"; };
		1C0916152A66BB73006FC3B4 /* DashboardTabBarVC.swift */ = {isa = PBXFileReference; lastKnownFileType = sourcecode.swift; path = DashboardTabBarVC.swift; sourceTree = "<group>"; };
		1C0916172A66BC4D006FC3B4 /* UINavigationController.swift */ = {isa = PBXFileReference; lastKnownFileType = sourcecode.swift; path = UINavigationController.swift; sourceTree = "<group>"; };
		1C26F9662A69347B00634EBF /* HomeViewModel.swift */ = {isa = PBXFileReference; lastKnownFileType = sourcecode.swift; path = HomeViewModel.swift; sourceTree = "<group>"; };
		1C2928782A6807080081E587 /* CardCollectionViewCell.swift */ = {isa = PBXFileReference; lastKnownFileType = sourcecode.swift; path = CardCollectionViewCell.swift; sourceTree = "<group>"; };
		1C29287C2A68257E0081E587 /* SFProDisplay-Semibold.ttf */ = {isa = PBXFileReference; lastKnownFileType = file; path = "SFProDisplay-Semibold.ttf"; sourceTree = "<group>"; };
		1C29287E2A6826660081E587 /* TransactionCollectionViewCell.swift */ = {isa = PBXFileReference; lastKnownFileType = sourcecode.swift; path = TransactionCollectionViewCell.swift; sourceTree = "<group>"; };
		1C2E0BD02A601D2E00CBC784 /* NetmeraFintech.app */ = {isa = PBXFileReference; explicitFileType = wrapper.application; includeInIndex = 0; path = NetmeraFintech.app; sourceTree = BUILT_PRODUCTS_DIR; };
		1C2E0BD32A601D2E00CBC784 /* AppDelegate.swift */ = {isa = PBXFileReference; lastKnownFileType = sourcecode.swift; path = AppDelegate.swift; sourceTree = "<group>"; };
		1C2E0BD52A601D2E00CBC784 /* SceneDelegate.swift */ = {isa = PBXFileReference; lastKnownFileType = sourcecode.swift; path = SceneDelegate.swift; sourceTree = "<group>"; };
		1C2E0BD72A601D2E00CBC784 /* OnboardingVC.swift */ = {isa = PBXFileReference; lastKnownFileType = sourcecode.swift; path = OnboardingVC.swift; sourceTree = "<group>"; };
		1C2E0BDA2A601D2E00CBC784 /* Base */ = {isa = PBXFileReference; lastKnownFileType = file.storyboard; name = Base; path = Base.lproj/Main.storyboard; sourceTree = "<group>"; };
		1C2E0BDC2A601D2F00CBC784 /* Assets.xcassets */ = {isa = PBXFileReference; lastKnownFileType = folder.assetcatalog; path = Assets.xcassets; sourceTree = "<group>"; };
		1C2E0BDF2A601D2F00CBC784 /* Base */ = {isa = PBXFileReference; lastKnownFileType = file.storyboard; name = Base; path = Base.lproj/LaunchScreen.storyboard; sourceTree = "<group>"; };
		1C2E0BE12A601D2F00CBC784 /* Info.plist */ = {isa = PBXFileReference; lastKnownFileType = text.plist.xml; path = Info.plist; sourceTree = "<group>"; };
		1C2E0BE92A60297100CBC784 /* OnboardingViewModel.swift */ = {isa = PBXFileReference; lastKnownFileType = sourcecode.swift; path = OnboardingViewModel.swift; sourceTree = "<group>"; };
		1C2E0BED2A602D1200CBC784 /* hubballi.ttf */ = {isa = PBXFileReference; lastKnownFileType = file; path = hubballi.ttf; sourceTree = "<group>"; };
		1C2E0BEE2A602D1200CBC784 /* Nunito-ExtraLightItalic.ttf */ = {isa = PBXFileReference; lastKnownFileType = file; path = "Nunito-ExtraLightItalic.ttf"; sourceTree = "<group>"; };
		1C2E0BEF2A602D1200CBC784 /* Nunito-Regular.ttf */ = {isa = PBXFileReference; lastKnownFileType = file; path = "Nunito-Regular.ttf"; sourceTree = "<group>"; };
		1C2E0BF02A602D1200CBC784 /* sf_pro.ttf */ = {isa = PBXFileReference; lastKnownFileType = file; path = sf_pro.ttf; sourceTree = "<group>"; };
		1C2E0BF12A602D1200CBC784 /* Nunito-SemiBold.ttf */ = {isa = PBXFileReference; lastKnownFileType = file; path = "Nunito-SemiBold.ttf"; sourceTree = "<group>"; };
		1C2E0BF22A602D1200CBC784 /* Nunito-Bold.ttf */ = {isa = PBXFileReference; lastKnownFileType = file; path = "Nunito-Bold.ttf"; sourceTree = "<group>"; };
		1C2E0BF32A602D1200CBC784 /* sf_pro_display.ttf */ = {isa = PBXFileReference; lastKnownFileType = file; path = sf_pro_display.ttf; sourceTree = "<group>"; };
		1C2E0BF42A602D1200CBC784 /* sf_pro_display_bold.ttf */ = {isa = PBXFileReference; lastKnownFileType = file; path = sf_pro_display_bold.ttf; sourceTree = "<group>"; };
		1C2E0C022A604B6700CBC784 /* UIButton.swift */ = {isa = PBXFileReference; lastKnownFileType = sourcecode.swift; path = UIButton.swift; sourceTree = "<group>"; };
		1C2E0C042A604BE200CBC784 /* UIColor.swift */ = {isa = PBXFileReference; lastKnownFileType = sourcecode.swift; path = UIColor.swift; sourceTree = "<group>"; };
		1C2E0C062A604C4100CBC784 /* Fonts.swift */ = {isa = PBXFileReference; lastKnownFileType = sourcecode.swift; path = Fonts.swift; sourceTree = "<group>"; };
		1C2E0C082A604D1100CBC784 /* UIView.swift */ = {isa = PBXFileReference; lastKnownFileType = sourcecode.swift; path = UIView.swift; sourceTree = "<group>"; };
		1C2E0C0A2A604FC800CBC784 /* UIImage.swift */ = {isa = PBXFileReference; lastKnownFileType = sourcecode.swift; path = UIImage.swift; sourceTree = "<group>"; };
		1C785CBB2A65549000A5A8DA /* UIViewController.swift */ = {isa = PBXFileReference; lastKnownFileType = sourcecode.swift; path = UIViewController.swift; sourceTree = "<group>"; };
		1C785CBD2A65565200A5A8DA /* FirebaseEvents.swift */ = {isa = PBXFileReference; lastKnownFileType = sourcecode.swift; path = FirebaseEvents.swift; sourceTree = "<group>"; };
		1C785CBF2A65644900A5A8DA /* GoogleService-Info.plist */ = {isa = PBXFileReference; fileEncoding = 4; lastKnownFileType = text.plist.xml; path = "GoogleService-Info.plist"; sourceTree = "<group>"; };
		1CAF3F6F2A68272700635809 /* Transaction.swift */ = {isa = PBXFileReference; lastKnownFileType = sourcecode.swift; path = Transaction.swift; sourceTree = "<group>"; };
		1CAF3F712A682EAA00635809 /* Double.swift */ = {isa = PBXFileReference; lastKnownFileType = sourcecode.swift; path = Double.swift; sourceTree = "<group>"; };
		1CAF3F732A682F1A00635809 /* Colors.swift */ = {isa = PBXFileReference; lastKnownFileType = sourcecode.swift; path = Colors.swift; sourceTree = "<group>"; };
		1CEC247F2A617FF800AB937A /* NetmeraHelper.swift */ = {isa = PBXFileReference; lastKnownFileType = sourcecode.swift; path = NetmeraHelper.swift; sourceTree = "<group>"; };
		1CEC24832A618B6300AB937A /* AppEventsProtocol.swift */ = {isa = PBXFileReference; lastKnownFileType = sourcecode.swift; path = AppEventsProtocol.swift; sourceTree = "<group>"; };
		1CEC24862A618BB800AB937A /* Card.swift */ = {isa = PBXFileReference; lastKnownFileType = sourcecode.swift; path = Card.swift; sourceTree = "<group>"; };
		1CEC24882A618BFB00AB937A /* ImpactFintechUser.swift */ = {isa = PBXFileReference; lastKnownFileType = sourcecode.swift; path = ImpactFintechUser.swift; sourceTree = "<group>"; };
		1CEC248B2A618D6000AB937A /* AddNotesEvent.swift */ = {isa = PBXFileReference; lastKnownFileType = sourcecode.swift; path = AddNotesEvent.swift; sourceTree = "<group>"; };
		1CEC248D2A618D6C00AB937A /* AppSettingsEvent.swift */ = {isa = PBXFileReference; lastKnownFileType = sourcecode.swift; path = AppSettingsEvent.swift; sourceTree = "<group>"; };
		1CEC248F2A618D7700AB937A /* CardSettingsEvent.swift */ = {isa = PBXFileReference; lastKnownFileType = sourcecode.swift; path = CardSettingsEvent.swift; sourceTree = "<group>"; };
		1CEC24912A618D8100AB937A /* ChangeAccountEvent.swift */ = {isa = PBXFileReference; lastKnownFileType = sourcecode.swift; path = ChangeAccountEvent.swift; sourceTree = "<group>"; };
		1CEC24932A618D8B00AB937A /* ContactsEvent.swift */ = {isa = PBXFileReference; lastKnownFileType = sourcecode.swift; path = ContactsEvent.swift; sourceTree = "<group>"; };
		1CEC24952A618D9800AB937A /* ContactUsForSupportEvent.swift */ = {isa = PBXFileReference; lastKnownFileType = sourcecode.swift; path = ContactUsForSupportEvent.swift; sourceTree = "<group>"; };
		1CEC24972A618DA000AB937A /* ForgotYourPinEvent.swift */ = {isa = PBXFileReference; lastKnownFileType = sourcecode.swift; path = ForgotYourPinEvent.swift; sourceTree = "<group>"; };
		1CEC24992A618DAA00AB937A /* FreezeCardEvent.swift */ = {isa = PBXFileReference; lastKnownFileType = sourcecode.swift; path = FreezeCardEvent.swift; sourceTree = "<group>"; };
		1CEC249B2A618DB200AB937A /* GetStartedEvent.swift */ = {isa = PBXFileReference; lastKnownFileType = sourcecode.swift; path = GetStartedEvent.swift; sourceTree = "<group>"; };
		1CEC249D2A618DBC00AB937A /* ManageAccountEvent.swift */ = {isa = PBXFileReference; lastKnownFileType = sourcecode.swift; path = ManageAccountEvent.swift; sourceTree = "<group>"; };
		1CEC249F2A61944400AB937A /* NearbyEvent.swift */ = {isa = PBXFileReference; lastKnownFileType = sourcecode.swift; path = NearbyEvent.swift; sourceTree = "<group>"; };
		1CEC24A12A61944D00AB937A /* PaymentDetailEvent.swift */ = {isa = PBXFileReference; lastKnownFileType = sourcecode.swift; path = PaymentDetailEvent.swift; sourceTree = "<group>"; };
		1CEC24A32A61945600AB937A /* PaymentTransferEvent.swift */ = {isa = PBXFileReference; lastKnownFileType = sourcecode.swift; path = PaymentTransferEvent.swift; sourceTree = "<group>"; };
		1CEC24A52A61945D00AB937A /* PaySomeoneEvent.swift */ = {isa = PBXFileReference; lastKnownFileType = sourcecode.swift; path = PaySomeoneEvent.swift; sourceTree = "<group>"; };
		1CEC24A72A61946400AB937A /* PurchaseEvent.swift */ = {isa = PBXFileReference; lastKnownFileType = sourcecode.swift; path = PurchaseEvent.swift; sourceTree = "<group>"; };
		1CEC24A92A61946B00AB937A /* RequestMoneyEvent.swift */ = {isa = PBXFileReference; lastKnownFileType = sourcecode.swift; path = RequestMoneyEvent.swift; sourceTree = "<group>"; };
		1CEC24AB2A61947600AB937A /* SearchForPayeesEvent.swift */ = {isa = PBXFileReference; lastKnownFileType = sourcecode.swift; path = SearchForPayeesEvent.swift; sourceTree = "<group>"; };
		1CEC24AD2A61947D00AB937A /* SeeAllEvent.swift */ = {isa = PBXFileReference; lastKnownFileType = sourcecode.swift; path = SeeAllEvent.swift; sourceTree = "<group>"; };
		1CEC24AF2A61948500AB937A /* SignInEvent.swift */ = {isa = PBXFileReference; lastKnownFileType = sourcecode.swift; path = SignInEvent.swift; sourceTree = "<group>"; };
		1CEC24B12A61948D00AB937A /* SignOutEvent.swift */ = {isa = PBXFileReference; lastKnownFileType = sourcecode.swift; path = SignOutEvent.swift; sourceTree = "<group>"; };
		1CEC24B32A61949400AB937A /* SomethingWrongEvent.swift */ = {isa = PBXFileReference; lastKnownFileType = sourcecode.swift; path = SomethingWrongEvent.swift; sourceTree = "<group>"; };
		1CEC24B52A61A24B00AB937A /* NetmeraEvents.swift */ = {isa = PBXFileReference; lastKnownFileType = sourcecode.swift; path = NetmeraEvents.swift; sourceTree = "<group>"; };
		1CEC24B72A61A39300AB937A /* NMFintechUser.swift */ = {isa = PBXFileReference; lastKnownFileType = sourcecode.swift; path = NMFintechUser.swift; sourceTree = "<group>"; };
		658ADBFE5A057845353E357F /* Pods_NetmeraFintech.framework */ = {isa = PBXFileReference; explicitFileType = wrapper.framework; includeInIndex = 0; path = Pods_NetmeraFintech.framework; sourceTree = BUILT_PRODUCTS_DIR; };
		CFCCBB5BD8FDDA69FF608375 /* Pods-NetmeraFintech.debug.xcconfig */ = {isa = PBXFileReference; includeInIndex = 1; lastKnownFileType = text.xcconfig; name = "Pods-NetmeraFintech.debug.xcconfig"; path = "Target Support Files/Pods-NetmeraFintech/Pods-NetmeraFintech.debug.xcconfig"; sourceTree = "<group>"; };
/* End PBXFileReference section */

/* Begin PBXFrameworksBuildPhase section */
		1C2E0BCD2A601D2E00CBC784 /* Frameworks */ = {
			isa = PBXFrameworksBuildPhase;
			buildActionMask = 2147483647;
			files = (
				98802372907F0EB9504218C3 /* Pods_NetmeraFintech.framework in Frameworks */,
			);
			runOnlyForDeploymentPostprocessing = 0;
		};
/* End PBXFrameworksBuildPhase section */

/* Begin PBXGroup section */
		1C0916052A66B7DE006FC3B4 /* Dashboard */ = {
			isa = PBXGroup;
			children = (
				1C0916092A66B825006FC3B4 /* Analytics */,
				1C09160A2A66B82C006FC3B4 /* Exit */,
				1C0916082A66B806006FC3B4 /* History */,
				1C0916062A66B7EF006FC3B4 /* Home */,
				1C0916072A66B800006FC3B4 /* Payments */,
				1C0916152A66BB73006FC3B4 /* DashboardTabBarVC.swift */,
			);
			path = Dashboard;
			sourceTree = "<group>";
		};
		1C0916062A66B7EF006FC3B4 /* Home */ = {
			isa = PBXGroup;
			children = (
				1C26F9652A69346700634EBF /* Cells */,
				1C09160B2A66B83D006FC3B4 /* HomeVC.swift */,
				1C26F9662A69347B00634EBF /* HomeViewModel.swift */,
			);
			path = Home;
			sourceTree = "<group>";
		};
		1C0916072A66B800006FC3B4 /* Payments */ = {
			isa = PBXGroup;
			children = (
				1C09160D2A66B9A0006FC3B4 /* PaymentsVC.swift */,
			);
			path = Payments;
			sourceTree = "<group>";
		};
		1C0916082A66B806006FC3B4 /* History */ = {
			isa = PBXGroup;
			children = (
				1C09160F2A66BA34006FC3B4 /* HistoryVC.swift */,
			);
			path = History;
			sourceTree = "<group>";
		};
		1C0916092A66B825006FC3B4 /* Analytics */ = {
			isa = PBXGroup;
			children = (
				1C0916132A66BA63006FC3B4 /* AnalyticsVC.swift */,
			);
			path = Analytics;
			sourceTree = "<group>";
		};
		1C09160A2A66B82C006FC3B4 /* Exit */ = {
			isa = PBXGroup;
			children = (
				1C0916112A66BA48006FC3B4 /* ExitVC.swift */,
			);
			path = Exit;
			sourceTree = "<group>";
		};
		1C26F9652A69346700634EBF /* Cells */ = {
			isa = PBXGroup;
			children = (
				1C2928782A6807080081E587 /* CardCollectionViewCell.swift */,
				1C29287E2A6826660081E587 /* TransactionCollectionViewCell.swift */,
			);
			path = Cells;
			sourceTree = "<group>";
		};
		1C2E0BC72A601D2E00CBC784 = {
			isa = PBXGroup;
			children = (
				1C2E0BD22A601D2E00CBC784 /* NetmeraFintech */,
				1C2E0BD12A601D2E00CBC784 /* Products */,
				83141C1D0CD73F0EF2EFAC2A /* Pods */,
				916ECBA36FC6FE68D773CF9C /* Frameworks */,
			);
			sourceTree = "<group>";
		};
		1C2E0BD12A601D2E00CBC784 /* Products */ = {
			isa = PBXGroup;
			children = (
				1C2E0BD02A601D2E00CBC784 /* NetmeraFintech.app */,
			);
			name = Products;
			sourceTree = "<group>";
		};
		1C2E0BD22A601D2E00CBC784 /* NetmeraFintech */ = {
			isa = PBXGroup;
			children = (
				1C785CBF2A65644900A5A8DA /* GoogleService-Info.plist */,
				1CEC247E2A617FE200AB937A /* Analytics */,
				1C2E0C012A604B5500CBC784 /* Extensions */,
				1CEC24852A618BB100AB937A /* Model */,
				1C2E0BFE2A60477300CBC784 /* Utilities */,
				1C2E0BEB2A602D0600CBC784 /* Resources */,
				1C2E0BE72A60289A00CBC784 /* UI */,
				1C2E0BD32A601D2E00CBC784 /* AppDelegate.swift */,
				1C2E0BD52A601D2E00CBC784 /* SceneDelegate.swift */,
				1C2E0BDE2A601D2F00CBC784 /* LaunchScreen.storyboard */,
				1C2E0BE12A601D2F00CBC784 /* Info.plist */,
			);
			path = NetmeraFintech;
			sourceTree = "<group>";
		};
		1C2E0BE72A60289A00CBC784 /* UI */ = {
			isa = PBXGroup;
			children = (
				1C0916052A66B7DE006FC3B4 /* Dashboard */,
				1C2E0BE82A6028A600CBC784 /* Onboarding */,
				1C2E0BD92A601D2E00CBC784 /* Main.storyboard */,
			);
			path = UI;
			sourceTree = "<group>";
		};
		1C2E0BE82A6028A600CBC784 /* Onboarding */ = {
			isa = PBXGroup;
			children = (
				1C2E0BD72A601D2E00CBC784 /* OnboardingVC.swift */,
				1C2E0BE92A60297100CBC784 /* OnboardingViewModel.swift */,
			);
			path = Onboarding;
			sourceTree = "<group>";
		};
		1C2E0BEB2A602D0600CBC784 /* Resources */ = {
			isa = PBXGroup;
			children = (
				1C2E0BEC2A602D1200CBC784 /* Fonts */,
				1C2E0BDC2A601D2F00CBC784 /* Assets.xcassets */,
			);
			path = Resources;
			sourceTree = "<group>";
		};
		1C2E0BEC2A602D1200CBC784 /* Fonts */ = {
			isa = PBXGroup;
			children = (
				1C29287C2A68257E0081E587 /* SFProDisplay-Semibold.ttf */,
				1C2E0BED2A602D1200CBC784 /* hubballi.ttf */,
				1C2E0BEE2A602D1200CBC784 /* Nunito-ExtraLightItalic.ttf */,
				1C2E0BEF2A602D1200CBC784 /* Nunito-Regular.ttf */,
				1C2E0BF02A602D1200CBC784 /* sf_pro.ttf */,
				1C2E0BF12A602D1200CBC784 /* Nunito-SemiBold.ttf */,
				1C2E0BF22A602D1200CBC784 /* Nunito-Bold.ttf */,
				1C2E0BF32A602D1200CBC784 /* sf_pro_display.ttf */,
				1C2E0BF42A602D1200CBC784 /* sf_pro_display_bold.ttf */,
			);
			path = Fonts;
			sourceTree = "<group>";
		};
		1C2E0BFE2A60477300CBC784 /* Utilities */ = {
			isa = PBXGroup;
			children = (
				1C2E0C062A604C4100CBC784 /* Fonts.swift */,
				1CAF3F732A682F1A00635809 /* Colors.swift */,
			);
			path = Utilities;
			sourceTree = "<group>";
		};
		1C2E0C012A604B5500CBC784 /* Extensions */ = {
			isa = PBXGroup;
			children = (
				1C2E0C022A604B6700CBC784 /* UIButton.swift */,
				1C2E0C042A604BE200CBC784 /* UIColor.swift */,
				1C2E0C082A604D1100CBC784 /* UIView.swift */,
				1C2E0C0A2A604FC800CBC784 /* UIImage.swift */,
				1C785CBB2A65549000A5A8DA /* UIViewController.swift */,
				1C0916172A66BC4D006FC3B4 /* UINavigationController.swift */,
				1CAF3F712A682EAA00635809 /* Double.swift */,
			);
			path = Extensions;
			sourceTree = "<group>";
		};
		1CEC247E2A617FE200AB937A /* Analytics */ = {
			isa = PBXGroup;
			children = (
				1CEC24822A618B1200AB937A /* Events */,
				1CEC247F2A617FF800AB937A /* NetmeraHelper.swift */,
			);
			path = Analytics;
			sourceTree = "<group>";
		};
		1CEC24822A618B1200AB937A /* Events */ = {
			isa = PBXGroup;
			children = (
				1CEC248A2A618D2800AB937A /* NetmeraEventModels */,
				1CEC24832A618B6300AB937A /* AppEventsProtocol.swift */,
				1CEC24B52A61A24B00AB937A /* NetmeraEvents.swift */,
				1C785CBD2A65565200A5A8DA /* FirebaseEvents.swift */,
			);
			path = Events;
			sourceTree = "<group>";
		};
		1CEC24852A618BB100AB937A /* Model */ = {
			isa = PBXGroup;
			children = (
				1CEC24862A618BB800AB937A /* Card.swift */,
				1CEC24882A618BFB00AB937A /* ImpactFintechUser.swift */,
				1CEC24B72A61A39300AB937A /* NMFintechUser.swift */,
				1CAF3F6F2A68272700635809 /* Transaction.swift */,
			);
			path = Model;
			sourceTree = "<group>";
		};
		1CEC248A2A618D2800AB937A /* NetmeraEventModels */ = {
			isa = PBXGroup;
			children = (
				1CEC248B2A618D6000AB937A /* AddNotesEvent.swift */,
				1CEC248D2A618D6C00AB937A /* AppSettingsEvent.swift */,
				1CEC248F2A618D7700AB937A /* CardSettingsEvent.swift */,
				1CEC24912A618D8100AB937A /* ChangeAccountEvent.swift */,
				1CEC24932A618D8B00AB937A /* ContactsEvent.swift */,
				1CEC24952A618D9800AB937A /* ContactUsForSupportEvent.swift */,
				1CEC24972A618DA000AB937A /* ForgotYourPinEvent.swift */,
				1CEC24992A618DAA00AB937A /* FreezeCardEvent.swift */,
				1CEC249B2A618DB200AB937A /* GetStartedEvent.swift */,
				1CEC249D2A618DBC00AB937A /* ManageAccountEvent.swift */,
				1CEC249F2A61944400AB937A /* NearbyEvent.swift */,
				1CEC24A12A61944D00AB937A /* PaymentDetailEvent.swift */,
				1CEC24A32A61945600AB937A /* PaymentTransferEvent.swift */,
				1CEC24A52A61945D00AB937A /* PaySomeoneEvent.swift */,
				1CEC24A72A61946400AB937A /* PurchaseEvent.swift */,
				1CEC24A92A61946B00AB937A /* RequestMoneyEvent.swift */,
				1CEC24AB2A61947600AB937A /* SearchForPayeesEvent.swift */,
				1CEC24AD2A61947D00AB937A /* SeeAllEvent.swift */,
				1CEC24AF2A61948500AB937A /* SignInEvent.swift */,
				1CEC24B12A61948D00AB937A /* SignOutEvent.swift */,
				1CEC24B32A61949400AB937A /* SomethingWrongEvent.swift */,
			);
			path = NetmeraEventModels;
			sourceTree = "<group>";
		};
		83141C1D0CD73F0EF2EFAC2A /* Pods */ = {
			isa = PBXGroup;
			children = (
				CFCCBB5BD8FDDA69FF608375 /* Pods-NetmeraFintech.debug.xcconfig */,
				15B4DC967A2ED513CC3DB742 /* Pods-NetmeraFintech.release.xcconfig */,
			);
			path = Pods;
			sourceTree = "<group>";
		};
		916ECBA36FC6FE68D773CF9C /* Frameworks */ = {
			isa = PBXGroup;
			children = (
				658ADBFE5A057845353E357F /* Pods_NetmeraFintech.framework */,
			);
			name = Frameworks;
			sourceTree = "<group>";
		};
/* End PBXGroup section */

/* Begin PBXNativeTarget section */
		1C2E0BCF2A601D2E00CBC784 /* NetmeraFintech */ = {
			isa = PBXNativeTarget;
			buildConfigurationList = 1C2E0BE42A601D2F00CBC784 /* Build configuration list for PBXNativeTarget "NetmeraFintech" */;
			buildPhases = (
				27B03B12FBC096B9CE7F31C9 /* [CP] Check Pods Manifest.lock */,
				1C2E0BCC2A601D2E00CBC784 /* Sources */,
				1C2E0BCD2A601D2E00CBC784 /* Frameworks */,
				1C2E0BCE2A601D2E00CBC784 /* Resources */,
				1C2E0BFD2A602FCC00CBC784 /* Swift Format */,
				83545FA7296ADEB490A39E0E /* [CP] Embed Pods Frameworks */,
			);
			buildRules = (
			);
			dependencies = (
			);
			name = NetmeraFintech;
			productName = NetmeraFintech;
			productReference = 1C2E0BD02A601D2E00CBC784 /* NetmeraFintech.app */;
			productType = "com.apple.product-type.application";
		};
/* End PBXNativeTarget section */

/* Begin PBXProject section */
		1C2E0BC82A601D2E00CBC784 /* Project object */ = {
			isa = PBXProject;
			attributes = {
				BuildIndependentTargetsInParallel = 1;
				LastSwiftUpdateCheck = 1430;
				LastUpgradeCheck = 1430;
				TargetAttributes = {
					1C2E0BCF2A601D2E00CBC784 = {
						CreatedOnToolsVersion = 14.3;
					};
				};
			};
			buildConfigurationList = 1C2E0BCB2A601D2E00CBC784 /* Build configuration list for PBXProject "NetmeraFintech" */;
			compatibilityVersion = "Xcode 14.0";
			developmentRegion = en;
			hasScannedForEncodings = 0;
			knownRegions = (
				en,
				Base,
			);
			mainGroup = 1C2E0BC72A601D2E00CBC784;
			productRefGroup = 1C2E0BD12A601D2E00CBC784 /* Products */;
			projectDirPath = "";
			projectRoot = "";
			targets = (
				1C2E0BCF2A601D2E00CBC784 /* NetmeraFintech */,
			);
		};
/* End PBXProject section */

/* Begin PBXResourcesBuildPhase section */
		1C2E0BCE2A601D2E00CBC784 /* Resources */ = {
			isa = PBXResourcesBuildPhase;
			buildActionMask = 2147483647;
			files = (
				1C2E0BFB2A602D1200CBC784 /* sf_pro_display.ttf in Resources */,
				1C2E0BF92A602D1200CBC784 /* Nunito-SemiBold.ttf in Resources */,
				1C2E0BF72A602D1200CBC784 /* Nunito-Regular.ttf in Resources */,
				1C29287D2A68257E0081E587 /* SFProDisplay-Semibold.ttf in Resources */,
				1C2E0BFC2A602D1200CBC784 /* sf_pro_display_bold.ttf in Resources */,
				1C2E0BE02A601D2F00CBC784 /* LaunchScreen.storyboard in Resources */,
				1C785CC02A65644900A5A8DA /* GoogleService-Info.plist in Resources */,
				1C2E0BF62A602D1200CBC784 /* Nunito-ExtraLightItalic.ttf in Resources */,
				1C2E0BFA2A602D1200CBC784 /* Nunito-Bold.ttf in Resources */,
				1C2E0BDD2A601D2F00CBC784 /* Assets.xcassets in Resources */,
				1C2E0BF82A602D1200CBC784 /* sf_pro.ttf in Resources */,
				1C2E0BDB2A601D2E00CBC784 /* Main.storyboard in Resources */,
				1C2E0BF52A602D1200CBC784 /* hubballi.ttf in Resources */,
			);
			runOnlyForDeploymentPostprocessing = 0;
		};
/* End PBXResourcesBuildPhase section */

/* Begin PBXShellScriptBuildPhase section */
		1C2E0BFD2A602FCC00CBC784 /* Swift Format */ = {
			isa = PBXShellScriptBuildPhase;
			buildActionMask = 12;
			files = (
			);
			inputFileListPaths = (
			);
			inputPaths = (
			);
			name = "Swift Format";
			outputFileListPaths = (
			);
			outputPaths = (
			);
			runOnlyForDeploymentPostprocessing = 0;
			shellPath = /bin/sh;
			shellScript = "export PATH=\"$PATH:/opt/homebrew/bin\"\nif which swiftformat >/dev/null; then\n  swiftformat .\nelse\n  echo \"warning: SwiftFormat not installed, download from https://github.com/nicklockwood/SwiftFormat\"\nfi\n";
		};
		27B03B12FBC096B9CE7F31C9 /* [CP] Check Pods Manifest.lock */ = {
			isa = PBXShellScriptBuildPhase;
			buildActionMask = 2147483647;
			files = (
			);
			inputFileListPaths = (
			);
			inputPaths = (
				"${PODS_PODFILE_DIR_PATH}/Podfile.lock",
				"${PODS_ROOT}/Manifest.lock",
			);
			name = "[CP] Check Pods Manifest.lock";
			outputFileListPaths = (
			);
			outputPaths = (
				"$(DERIVED_FILE_DIR)/Pods-NetmeraFintech-checkManifestLockResult.txt",
			);
			runOnlyForDeploymentPostprocessing = 0;
			shellPath = /bin/sh;
			shellScript = "diff \"${PODS_PODFILE_DIR_PATH}/Podfile.lock\" \"${PODS_ROOT}/Manifest.lock\" > /dev/null\nif [ $? != 0 ] ; then\n    # print error to STDERR\n    echo \"error: The sandbox is not in sync with the Podfile.lock. Run 'pod install' or update your CocoaPods installation.\" >&2\n    exit 1\nfi\n# This output is used by Xcode 'outputs' to avoid re-running this script phase.\necho \"SUCCESS\" > \"${SCRIPT_OUTPUT_FILE_0}\"\n";
			showEnvVarsInLog = 0;
		};
		83545FA7296ADEB490A39E0E /* [CP] Embed Pods Frameworks */ = {
			isa = PBXShellScriptBuildPhase;
			buildActionMask = 2147483647;
			files = (
			);
			inputFileListPaths = (
				"${PODS_ROOT}/Target Support Files/Pods-NetmeraFintech/Pods-NetmeraFintech-frameworks-${CONFIGURATION}-input-files.xcfilelist",
			);
			name = "[CP] Embed Pods Frameworks";
			outputFileListPaths = (
				"${PODS_ROOT}/Target Support Files/Pods-NetmeraFintech/Pods-NetmeraFintech-frameworks-${CONFIGURATION}-output-files.xcfilelist",
			);
			runOnlyForDeploymentPostprocessing = 0;
			shellPath = /bin/sh;
			shellScript = "\"${PODS_ROOT}/Target Support Files/Pods-NetmeraFintech/Pods-NetmeraFintech-frameworks.sh\"\n";
			showEnvVarsInLog = 0;
		};
/* End PBXShellScriptBuildPhase section */

/* Begin PBXSourcesBuildPhase section */
		1C2E0BCC2A601D2E00CBC784 /* Sources */ = {
			isa = PBXSourcesBuildPhase;
			buildActionMask = 2147483647;
			files = (
				1CEC24802A617FF800AB937A /* NetmeraHelper.swift in Sources */,
				1C09160C2A66B83D006FC3B4 /* HomeVC.swift in Sources */,
				1CAF3F702A68272700635809 /* Transaction.swift in Sources */,
				1C09160E2A66B9A0006FC3B4 /* PaymentsVC.swift in Sources */,
				1C785CBE2A65565200A5A8DA /* FirebaseEvents.swift in Sources */,
				1C0916162A66BB73006FC3B4 /* DashboardTabBarVC.swift in Sources */,
				1C2E0C092A604D1100CBC784 /* UIView.swift in Sources */,
				1C2E0C072A604C4100CBC784 /* Fonts.swift in Sources */,
				1CEC24AA2A61946C00AB937A /* RequestMoneyEvent.swift in Sources */,
				1C0916102A66BA34006FC3B4 /* HistoryVC.swift in Sources */,
				1CEC24A82A61946400AB937A /* PurchaseEvent.swift in Sources */,
				1CEC24AC2A61947600AB937A /* SearchForPayeesEvent.swift in Sources */,
				1CEC249C2A618DB200AB937A /* GetStartedEvent.swift in Sources */,
				1CAF3F722A682EAA00635809 /* Double.swift in Sources */,
				1CEC24942A618D8B00AB937A /* ContactsEvent.swift in Sources */,
				1CEC24A22A61944D00AB937A /* PaymentDetailEvent.swift in Sources */,
				1CEC24A42A61945600AB937A /* PaymentTransferEvent.swift in Sources */,
				1C2E0C032A604B6700CBC784 /* UIButton.swift in Sources */,
				1CEC24AE2A61947D00AB937A /* SeeAllEvent.swift in Sources */,
				1CEC24B62A61A24B00AB937A /* NetmeraEvents.swift in Sources */,
				1CEC24B82A61A39300AB937A /* NMFintechUser.swift in Sources */,
				1C2E0C052A604BE200CBC784 /* UIColor.swift in Sources */,
				1C2E0BD82A601D2E00CBC784 /* OnboardingVC.swift in Sources */,
				1C2E0BD42A601D2E00CBC784 /* AppDelegate.swift in Sources */,
				1C0916142A66BA63006FC3B4 /* AnalyticsVC.swift in Sources */,
				1CEC249A2A618DAA00AB937A /* FreezeCardEvent.swift in Sources */,
				1CEC24872A618BB800AB937A /* Card.swift in Sources */,
				1C29287F2A6826660081E587 /* TransactionCollectionViewCell.swift in Sources */,
				1C2928792A6807080081E587 /* CardCollectionViewCell.swift in Sources */,
				1CEC24962A618D9800AB937A /* ContactUsForSupportEvent.swift in Sources */,
				1CEC24892A618BFB00AB937A /* ImpactFintechUser.swift in Sources */,
				1CAF3F742A682F1A00635809 /* Colors.swift in Sources */,
				1C2E0C0B2A604FC800CBC784 /* UIImage.swift in Sources */,
				1C785CBC2A65549000A5A8DA /* UIViewController.swift in Sources */,
				1C26F9672A69347B00634EBF /* HomeViewModel.swift in Sources */,
				1CEC248E2A618D6C00AB937A /* AppSettingsEvent.swift in Sources */,
				1CEC24B22A61948D00AB937A /* SignOutEvent.swift in Sources */,
				1CEC24A02A61944400AB937A /* NearbyEvent.swift in Sources */,
				1CEC24B02A61948500AB937A /* SignInEvent.swift in Sources */,
				1CEC248C2A618D6000AB937A /* AddNotesEvent.swift in Sources */,
				1CEC24B42A61949400AB937A /* SomethingWrongEvent.swift in Sources */,
				1CEC249E2A618DBC00AB937A /* ManageAccountEvent.swift in Sources */,
				1CEC24A62A61945D00AB937A /* PaySomeoneEvent.swift in Sources */,
				1CEC24842A618B6300AB937A /* AppEventsProtocol.swift in Sources */,
				1C0916182A66BC4D006FC3B4 /* UINavigationController.swift in Sources */,
				1C2E0BD62A601D2E00CBC784 /* SceneDelegate.swift in Sources */,
				1CEC24982A618DA000AB937A /* ForgotYourPinEvent.swift in Sources */,
				1CEC24922A618D8100AB937A /* ChangeAccountEvent.swift in Sources */,
				1C0916122A66BA48006FC3B4 /* ExitVC.swift in Sources */,
				1C2E0BEA2A60297100CBC784 /* OnboardingViewModel.swift in Sources */,
				1CEC24902A618D7700AB937A /* CardSettingsEvent.swift in Sources */,
			);
			runOnlyForDeploymentPostprocessing = 0;
		};
/* End PBXSourcesBuildPhase section */

/* Begin PBXVariantGroup section */
		1C2E0BD92A601D2E00CBC784 /* Main.storyboard */ = {
			isa = PBXVariantGroup;
			children = (
				1C2E0BDA2A601D2E00CBC784 /* Base */,
			);
			name = Main.storyboard;
			sourceTree = "<group>";
		};
		1C2E0BDE2A601D2F00CBC784 /* LaunchScreen.storyboard */ = {
			isa = PBXVariantGroup;
			children = (
				1C2E0BDF2A601D2F00CBC784 /* Base */,
			);
			name = LaunchScreen.storyboard;
			sourceTree = "<group>";
		};
/* End PBXVariantGroup section */

/* Begin XCBuildConfiguration section */
		1C2E0BE22A601D2F00CBC784 /* Debug */ = {
			isa = XCBuildConfiguration;
			buildSettings = {
				ALWAYS_SEARCH_USER_PATHS = NO;
				CLANG_ANALYZER_NONNULL = YES;
				CLANG_ANALYZER_NUMBER_OBJECT_CONVERSION = YES_AGGRESSIVE;
				CLANG_CXX_LANGUAGE_STANDARD = "gnu++20";
				CLANG_ENABLE_MODULES = YES;
				CLANG_ENABLE_OBJC_ARC = YES;
				CLANG_ENABLE_OBJC_WEAK = YES;
				CLANG_WARN_BLOCK_CAPTURE_AUTORELEASING = YES;
				CLANG_WARN_BOOL_CONVERSION = YES;
				CLANG_WARN_COMMA = YES;
				CLANG_WARN_CONSTANT_CONVERSION = YES;
				CLANG_WARN_DEPRECATED_OBJC_IMPLEMENTATIONS = YES;
				CLANG_WARN_DIRECT_OBJC_ISA_USAGE = YES_ERROR;
				CLANG_WARN_DOCUMENTATION_COMMENTS = YES;
				CLANG_WARN_EMPTY_BODY = YES;
				CLANG_WARN_ENUM_CONVERSION = YES;
				CLANG_WARN_INFINITE_RECURSION = YES;
				CLANG_WARN_INT_CONVERSION = YES;
				CLANG_WARN_NON_LITERAL_NULL_CONVERSION = YES;
				CLANG_WARN_OBJC_IMPLICIT_RETAIN_SELF = YES;
				CLANG_WARN_OBJC_LITERAL_CONVERSION = YES;
				CLANG_WARN_OBJC_ROOT_CLASS = YES_ERROR;
				CLANG_WARN_QUOTED_INCLUDE_IN_FRAMEWORK_HEADER = YES;
				CLANG_WARN_RANGE_LOOP_ANALYSIS = YES;
				CLANG_WARN_STRICT_PROTOTYPES = YES;
				CLANG_WARN_SUSPICIOUS_MOVE = YES;
				CLANG_WARN_UNGUARDED_AVAILABILITY = YES_AGGRESSIVE;
				CLANG_WARN_UNREACHABLE_CODE = YES;
				CLANG_WARN__DUPLICATE_METHOD_MATCH = YES;
				COPY_PHASE_STRIP = NO;
				DEBUG_INFORMATION_FORMAT = dwarf;
				ENABLE_STRICT_OBJC_MSGSEND = YES;
				ENABLE_TESTABILITY = YES;
				GCC_C_LANGUAGE_STANDARD = gnu11;
				GCC_DYNAMIC_NO_PIC = NO;
				GCC_NO_COMMON_BLOCKS = YES;
				GCC_OPTIMIZATION_LEVEL = 0;
				GCC_PREPROCESSOR_DEFINITIONS = (
					"DEBUG=1",
					"$(inherited)",
				);
				GCC_WARN_64_TO_32_BIT_CONVERSION = YES;
				GCC_WARN_ABOUT_RETURN_TYPE = YES_ERROR;
				GCC_WARN_UNDECLARED_SELECTOR = YES;
				GCC_WARN_UNINITIALIZED_AUTOS = YES_AGGRESSIVE;
				GCC_WARN_UNUSED_FUNCTION = YES;
				GCC_WARN_UNUSED_VARIABLE = YES;
				IPHONEOS_DEPLOYMENT_TARGET = 16.4;
				MTL_ENABLE_DEBUG_INFO = INCLUDE_SOURCE;
				MTL_FAST_MATH = YES;
				ONLY_ACTIVE_ARCH = YES;
				SDKROOT = iphoneos;
				SWIFT_ACTIVE_COMPILATION_CONDITIONS = DEBUG;
				SWIFT_OPTIMIZATION_LEVEL = "-Onone";
			};
			name = Debug;
		};
		1C2E0BE32A601D2F00CBC784 /* Release */ = {
			isa = XCBuildConfiguration;
			buildSettings = {
				ALWAYS_SEARCH_USER_PATHS = NO;
				CLANG_ANALYZER_NONNULL = YES;
				CLANG_ANALYZER_NUMBER_OBJECT_CONVERSION = YES_AGGRESSIVE;
				CLANG_CXX_LANGUAGE_STANDARD = "gnu++20";
				CLANG_ENABLE_MODULES = YES;
				CLANG_ENABLE_OBJC_ARC = YES;
				CLANG_ENABLE_OBJC_WEAK = YES;
				CLANG_WARN_BLOCK_CAPTURE_AUTORELEASING = YES;
				CLANG_WARN_BOOL_CONVERSION = YES;
				CLANG_WARN_COMMA = YES;
				CLANG_WARN_CONSTANT_CONVERSION = YES;
				CLANG_WARN_DEPRECATED_OBJC_IMPLEMENTATIONS = YES;
				CLANG_WARN_DIRECT_OBJC_ISA_USAGE = YES_ERROR;
				CLANG_WARN_DOCUMENTATION_COMMENTS = YES;
				CLANG_WARN_EMPTY_BODY = YES;
				CLANG_WARN_ENUM_CONVERSION = YES;
				CLANG_WARN_INFINITE_RECURSION = YES;
				CLANG_WARN_INT_CONVERSION = YES;
				CLANG_WARN_NON_LITERAL_NULL_CONVERSION = YES;
				CLANG_WARN_OBJC_IMPLICIT_RETAIN_SELF = YES;
				CLANG_WARN_OBJC_LITERAL_CONVERSION = YES;
				CLANG_WARN_OBJC_ROOT_CLASS = YES_ERROR;
				CLANG_WARN_QUOTED_INCLUDE_IN_FRAMEWORK_HEADER = YES;
				CLANG_WARN_RANGE_LOOP_ANALYSIS = YES;
				CLANG_WARN_STRICT_PROTOTYPES = YES;
				CLANG_WARN_SUSPICIOUS_MOVE = YES;
				CLANG_WARN_UNGUARDED_AVAILABILITY = YES_AGGRESSIVE;
				CLANG_WARN_UNREACHABLE_CODE = YES;
				CLANG_WARN__DUPLICATE_METHOD_MATCH = YES;
				COPY_PHASE_STRIP = NO;
				DEBUG_INFORMATION_FORMAT = "dwarf-with-dsym";
				ENABLE_NS_ASSERTIONS = NO;
				ENABLE_STRICT_OBJC_MSGSEND = YES;
				GCC_C_LANGUAGE_STANDARD = gnu11;
				GCC_NO_COMMON_BLOCKS = YES;
				GCC_WARN_64_TO_32_BIT_CONVERSION = YES;
				GCC_WARN_ABOUT_RETURN_TYPE = YES_ERROR;
				GCC_WARN_UNDECLARED_SELECTOR = YES;
				GCC_WARN_UNINITIALIZED_AUTOS = YES_AGGRESSIVE;
				GCC_WARN_UNUSED_FUNCTION = YES;
				GCC_WARN_UNUSED_VARIABLE = YES;
				IPHONEOS_DEPLOYMENT_TARGET = 16.4;
				MTL_ENABLE_DEBUG_INFO = NO;
				MTL_FAST_MATH = YES;
				SDKROOT = iphoneos;
				SWIFT_COMPILATION_MODE = wholemodule;
				SWIFT_OPTIMIZATION_LEVEL = "-O";
				VALIDATE_PRODUCT = YES;
			};
			name = Release;
		};
		1C2E0BE52A601D2F00CBC784 /* Debug */ = {
			isa = XCBuildConfiguration;
			baseConfigurationReference = CFCCBB5BD8FDDA69FF608375 /* Pods-NetmeraFintech.debug.xcconfig */;
			buildSettings = {
				ASSETCATALOG_COMPILER_APPICON_NAME = AppIcon;
				ASSETCATALOG_COMPILER_GLOBAL_ACCENT_COLOR_NAME = AccentColor;
				CODE_SIGN_STYLE = Automatic;
				CURRENT_PROJECT_VERSION = 1;
				DEVELOPMENT_TEAM = 95N24W2PH8;
				GENERATE_INFOPLIST_FILE = YES;
				INFOPLIST_FILE = NetmeraFintech/Info.plist;
				INFOPLIST_KEY_CFBundleDisplayName = "Impact Fintech";
				INFOPLIST_KEY_UIApplicationSupportsIndirectInputEvents = YES;
				INFOPLIST_KEY_UILaunchStoryboardName = LaunchScreen;
				INFOPLIST_KEY_UIMainStoryboardFile = Main;
				INFOPLIST_KEY_UISupportedInterfaceOrientations_iPad = "UIInterfaceOrientationPortrait UIInterfaceOrientationPortraitUpsideDown UIInterfaceOrientationLandscapeLeft UIInterfaceOrientationLandscapeRight";
				INFOPLIST_KEY_UISupportedInterfaceOrientations_iPhone = "UIInterfaceOrientationPortrait UIInterfaceOrientationLandscapeLeft UIInterfaceOrientationLandscapeRight";
				IPHONEOS_DEPLOYMENT_TARGET = 13.0;
				LD_RUNPATH_SEARCH_PATHS = (
					"$(inherited)",
					"@executable_path/Frameworks",
				);
				MARKETING_VERSION = 1.0;
				PRODUCT_BUNDLE_IDENTIFIER = com.netmera.NetmeraFintech;
				PRODUCT_NAME = "$(TARGET_NAME)";
				SWIFT_EMIT_LOC_STRINGS = YES;
				SWIFT_VERSION = 5.0;
				TARGETED_DEVICE_FAMILY = "1,2";
			};
			name = Debug;
		};
		1C2E0BE62A601D2F00CBC784 /* Release */ = {
			isa = XCBuildConfiguration;
			baseConfigurationReference = 15B4DC967A2ED513CC3DB742 /* Pods-NetmeraFintech.release.xcconfig */;
			buildSettings = {
				ASSETCATALOG_COMPILER_APPICON_NAME = AppIcon;
				ASSETCATALOG_COMPILER_GLOBAL_ACCENT_COLOR_NAME = AccentColor;
				CODE_SIGN_STYLE = Automatic;
				CURRENT_PROJECT_VERSION = 1;
				DEVELOPMENT_TEAM = 95N24W2PH8;
				GENERATE_INFOPLIST_FILE = YES;
				INFOPLIST_FILE = NetmeraFintech/Info.plist;
				INFOPLIST_KEY_CFBundleDisplayName = "Impact Fintech";
				INFOPLIST_KEY_UIApplicationSupportsIndirectInputEvents = YES;
				INFOPLIST_KEY_UILaunchStoryboardName = LaunchScreen;
				INFOPLIST_KEY_UIMainStoryboardFile = Main;
				INFOPLIST_KEY_UISupportedInterfaceOrientations_iPad = "UIInterfaceOrientationPortrait UIInterfaceOrientationPortraitUpsideDown UIInterfaceOrientationLandscapeLeft UIInterfaceOrientationLandscapeRight";
				INFOPLIST_KEY_UISupportedInterfaceOrientations_iPhone = "UIInterfaceOrientationPortrait UIInterfaceOrientationLandscapeLeft UIInterfaceOrientationLandscapeRight";
				IPHONEOS_DEPLOYMENT_TARGET = 13.0;
				LD_RUNPATH_SEARCH_PATHS = (
					"$(inherited)",
					"@executable_path/Frameworks",
				);
				MARKETING_VERSION = 1.0;
				PRODUCT_BUNDLE_IDENTIFIER = com.netmera.NetmeraFintech;
				PRODUCT_NAME = "$(TARGET_NAME)";
				SWIFT_EMIT_LOC_STRINGS = YES;
				SWIFT_VERSION = 5.0;
				TARGETED_DEVICE_FAMILY = "1,2";
			};
			name = Release;
		};
/* End XCBuildConfiguration section */

/* Begin XCConfigurationList section */
		1C2E0BCB2A601D2E00CBC784 /* Build configuration list for PBXProject "NetmeraFintech" */ = {
			isa = XCConfigurationList;
			buildConfigurations = (
				1C2E0BE22A601D2F00CBC784 /* Debug */,
				1C2E0BE32A601D2F00CBC784 /* Release */,
			);
			defaultConfigurationIsVisible = 0;
			defaultConfigurationName = Release;
		};
		1C2E0BE42A601D2F00CBC784 /* Build configuration list for PBXNativeTarget "NetmeraFintech" */ = {
			isa = XCConfigurationList;
			buildConfigurations = (
				1C2E0BE52A601D2F00CBC784 /* Debug */,
				1C2E0BE62A601D2F00CBC784 /* Release */,
			);
			defaultConfigurationIsVisible = 0;
			defaultConfigurationName = Release;
		};
/* End XCConfigurationList section */
	};
	rootObject = 1C2E0BC82A601D2E00CBC784 /* Project object */;
}
